
Microsoft Visual Studio Solution File, Format Version 12.00
# Visual Studio Version 17
VisualStudioVersion = 17.3.32922.545
MinimumVisualStudioVersion = 10.0.40219.1
Project("{FAE04EC0-301F-11D3-BF4B-00C04F79EFBC}") = "GetSplashUpData", "GetSplashUpData\GetSplashUpData.csproj", "{4332D340-C748-4166-8D76-AC8354C914AD}"
EndProject
Global
	GlobalSection(SolutionConfigurationPlatforms) = preSolution
		Debug|Any CPU = Debug|Any CPU
		Release|Any CPU = Release|Any CPU
	EndGlobalSection
	GlobalSection(ProjectConfigurationPlatforms) = postSolution
		{4332D340-C748-4166-8D76-AC8354C914AD}.Debug|Any CPU.ActiveCfg = Debug|Any CPU
		{4332D340-C748-4166-8D76-AC8354C914AD}.Debug|Any CPU.Build.0 = Debug|Any CPU
		{4332D340-C748-4166-8D76-AC8354C914AD}.Release|Any CPU.ActiveCfg = Release|Any CPU
		{4332D340-C748-4166-8D76-AC8354C914AD}.Release|Any CPU.Build.0 = Release|Any CPU
	EndGlobalSection
	GlobalSection(SolutionProperties) = preSolution
		HideSolutionNode = FALSE
	EndGlobalSection
	GlobalSection(ExtensibilityGlobals) = postSolution
		SolutionGuid = {52E6D28E-8B67-4842-B64D-65ED8A6C8CEA}
	EndGlobalSection
EndGlobal
